
Microsoft Visual Studio Solution File, Format Version 12.00
# Visual Studio 15
VisualStudioVersion = 15.0.27703.2026
MinimumVisualStudioVersion = 10.0.40219.1
Project("{FAE04EC0-301F-11D3-BF4B-00C04F79EFBC}") = "BlazorPlayground.Server", "BlazorPlayground.Server\BlazorPlayground.Server.csproj", "{80202D96-534C-4362-B8EB-17014CD0F67F}"
EndProject
Project("{FAE04EC0-301F-11D3-BF4B-00C04F79EFBC}") = "BlazorPlayground.Client", "BlazorPlayground.Client\BlazorPlayground.Client.csproj", "{F288CE32-DC74-4E3E-887E-0C63C5E525DF}"
EndProject
Project("{FAE04EC0-301F-11D3-BF4B-00C04F79EFBC}") = "BlazorPlayground.Shared", "BlazorPlayground.Shared\BlazorPlayground.Shared.csproj", "{4F8F7D5F-8175-4698-886F-64B3BBE3A724}"
EndProject
Global
	GlobalSection(SolutionConfigurationPlatforms) = preSolution
		Debug|Any CPU = Debug|Any CPU
		Release|Any CPU = Release|Any CPU
	EndGlobalSection
	GlobalSection(ProjectConfigurationPlatforms) = postSolution
		{80202D96-534C-4362-B8EB-17014CD0F67F}.Debug|Any CPU.ActiveCfg = Debug|Any CPU
		{80202D96-534C-4362-B8EB-17014CD0F67F}.Debug|Any CPU.Build.0 = Debug|Any CPU
		{80202D96-534C-4362-B8EB-17014CD0F67F}.Release|Any CPU.ActiveCfg = Release|Any CPU
		{80202D96-534C-4362-B8EB-17014CD0F67F}.Release|Any CPU.Build.0 = Release|Any CPU
		{F288CE32-DC74-4E3E-887E-0C63C5E525DF}.Debug|Any CPU.ActiveCfg = Debug|Any CPU
		{F288CE32-DC74-4E3E-887E-0C63C5E525DF}.Debug|Any CPU.Build.0 = Debug|Any CPU
		{F288CE32-DC74-4E3E-887E-0C63C5E525DF}.Release|Any CPU.ActiveCfg = Release|Any CPU
		{F288CE32-DC74-4E3E-887E-0C63C5E525DF}.Release|Any CPU.Build.0 = Release|Any CPU
		{4F8F7D5F-8175-4698-886F-64B3BBE3A724}.Debug|Any CPU.ActiveCfg = Debug|Any CPU
		{4F8F7D5F-8175-4698-886F-64B3BBE3A724}.Debug|Any CPU.Build.0 = Debug|Any CPU
		{4F8F7D5F-8175-4698-886F-64B3BBE3A724}.Release|Any CPU.ActiveCfg = Release|Any CPU
		{4F8F7D5F-8175-4698-886F-64B3BBE3A724}.Release|Any CPU.Build.0 = Release|Any CPU
	EndGlobalSection
	GlobalSection(SolutionProperties) = preSolution
		HideSolutionNode = FALSE
	EndGlobalSection
	GlobalSection(ExtensibilityGlobals) = postSolution
		SolutionGuid = {B5F7C7AD-F767-4380-845A-97DD3B71A5E2}
	EndGlobalSection
EndGlobal
